github.com/galaco/KeyValues v1.2.3 h1:WT7P+Djq+7903zLnnw/yyjSxVORwm8NBeI6gYHfzwxE=
github.com/galaco/KeyValues v1.2.3/go.mod h1:EByNBjnai9BpKGMykvBD3G28R+L6OubVnRkvZrYxP2Y=
github.com/galaco/Lambda-Core v0.0.0-20190112183752-df4119e4444a h1:VZlqmXUKgh6EXM7DkHGN14WISx9NYaDj7RPzAucnfKQ=
github.com/galaco/Lambda-Core v0.0.0-20190112183752-df4119e4444a/go.mod h1:/tLp69JLf3aNHtV76RQFwv8/oXtLk1m1+p0SahUVHqQ=
github.com/galaco/Lambda-Core v0.1.0 h1:2hxgggvQUbF5HoFUAbDaoXey1By9DFZ3z7RiPaw7LQA=
github.com/galaco/Lambda-Core v0.1.0/go.mod h1:/tLp69JLf3aNHtV76RQFwv8/oXtLk1m1+p0SahUVHqQ=
github.com/galaco/StudioModel v0.0.0-20181028212841-5b8408bcc2af h1:WvaI49oII83yG2LCseuOuIIbo/f5k5iCDvFwe8W5HPI=
github.com/galaco/StudioModel v0.0.0-20181028212841-5b8408bcc2af/go.mod h1:TyLwCRckWSsaQhePyfTOwfSXlEUJ411MwYaVkbPwOMo=
github.com/galaco/bsp v0.1.2 h1:CFejzoNYfHpWuXNFj+iYAhSS1BovWmDfqa9rVjYGNCg=
github.com/galaco/bsp v0.1.2/go.mod h1:RcrH7F/FezUOMXKWuYyWYwrHdamdvFxZqD2lg8LFcnc=
github.com/galaco/gosigl v0.0.0-20181228204141-a4f1befcc399 h1:ZOSnaTmoxPbJRB3F74zvyCjhLrNXLkqaHizepSDz/rw=
github.com/galaco/gosigl v0.0.0-20181228204141-a4f1befcc399/go.mod h1:bo6fzFnd9DxiwROJFDQ19WrqtSbzRJbJcOTv6lO7lAk=
github.com/galaco/packrect v0.0.0-20190106134957-d6cd1e9d06f9 h1:olmG0U3mzsfWrBkGjllQraRq8iuFaoqDoAJjXNoai2E=
github.com/galaco/packrect v0.0.0-20190106134957-d6cd1e9d06f9/go.mod h1:1QOQWDBGRc6sT0tglK344YodNuAGsj6WPqZXzzpv6f4=
github.com/galaco/source-tools-common v0.0.0-20181114203108-b70b8e75c546/go.mod h1:vcKoSJ6VLGuLDPp2ptTTb1J7D51w5+t02EqlNtwMDLI=
github.com/galaco/source-tools-common v0.0.0-20190112121435-c9332f4bd668 h1:+L3TJlYxqMm1TufOMHER4da/DtlGKi7ga6rJ3myoXpw=
github.com/galaco/source-tools-common v0.0.0-20190112121435-c9332f4bd668/go.mod h1:HjX6NiGjstPxbI0IYVqxmWtnguuJoj5Zp2bmzt4inb8=
github.com/galaco/vmf v0.0.0-20180309175744-7a9ccb6e8abb h1:15XPqvxG/llf53op1m6Dy4CDiZ+DUvnqc1IEqHdxxN4=
github.com/galaco/vmf v0.0.0-20180309175744-7a9ccb6e8abb/go.mod h1:+hpnZQBHJ5xrERgGMr6f/KO0ZkxEkrvjqr3RI9aNHes=
github.com/galaco/vpk2 v0.0.0-20181012095330-21e4d1f6c888 h1:QCMt6AZ5gwsJ3SNsvTULg/xjZIfmcbRWv6BBnkYNOWI=
github.com/galaco/vpk2 v0.0.0-20181012095330-21e4d1f6c888/go.mod h1:jL22XAWuUlYUmONuamxDdbDlGJhuOFkqNRPJwuBA3X8=
github.com/galaco/vtf v1.0.0 h1:aAisl6NBBzBqCzZd9fsgiQLcTHSNbR3DG3BP5toUeSc=
github.com/galaco/vtf v1.0.0/go.mod h1:/qXLzN9Et3Ed61RUR4rYXO/eMMFgvEyc4opw/Nw6xkM=
github.com/go-gl/gl v0.0.0-20181026044259-55b76b7df9d2 h1:78Hza2KHn2PX1jdydQnffaU2A/xM0g3Nx1xmMdep9Gk=
github.com/go-gl/gl v0.0.0-20181026044259-55b76b7df9d2/go.mod h1:482civXOzJJCPzJ4ZOX/pwvXBWSnzD4OKMdH4ClKGbk=
github.com/go-gl/glfw v0.0.0-20181213070059-819e8ce5125f h1:7MsFMbSn8Lcw0blK4+NEOf8DuHoOBDhJsHz04yh13pM=
github.com/go-gl/glfw v0.0.0-20181213070059-819e8ce5125f/go.mod h1:vR7hzQXu2zJy9AVAgeJqvqgH9Q5CA+iKCZ2gyEVpxRU=
github.com/go-gl/mathgl v0.0.0-20180804195959-cdf14b6b8f8a h1:2n5w2v3knlspzjJWyQPC0j88Mwvq0SZV0Jdws34GJwc=
github.com/go-gl/mathgl v0.0.0-20180804195959-cdf14b6b8f8a/go.mod h1:dvrdneKbyWbK2skTda0nM4B9zSlS2GZSnjX7itr/skQ=
github.com/logrusorgru/aurora v0.0.0-20181002194514-a7b3b318ed4e h1:9MlwzLdW7QSDrhDjFlsEYmxpFyIoXmYRon3dt0io31k=
github.com/logrusorgru/aurora v0.0.0-20181002194514-a7b3b318ed4e/go.mod h1:7rIyQOR62GCctdiQpZ/zOJlFyk6y+94wXzv6RNZgaR4=
golang.org/x/image v0.0.0-20181206121112-cd38e8056d9b h1:9WPnadh+EKSlC7bAQtFhmNxmx/rQOj35pa7nFj6b/Dw=
golang.org/x/image v0.0.0-20181206121112-cd38e8056d9b/go.mod h1:ux5Hcp/YLpHSI86hEcLt0YII63i6oz57MZXIpbrjZUs=
