github.com/galaco/KeyValues v1.2.3 h1:WT7P+Djq+7903zLnnw/yyjSxVORwm8NBeI6gYHfzwxE=
github.com/galaco/KeyValues v1.2.3/go.mod h1:EByNBjnai9BpKGMykvBD3G28R+L6OubVnRkvZrYxP2Y=
github.com/galaco/KeyValues v1.3.1 h1:Mka6aZcMSrFawDAGTk7Y0mKHTlGmqiqfz1zIaHs5jYc=
github.com/galaco/KeyValues v1.3.1/go.mod h1:EByNBjnai9BpKGMykvBD3G28R+L6OubVnRkvZrYxP2Y=
github.com/galaco/Lambda-Core v0.0.0-20190112183752-df4119e4444a h1:VZlqmXUKgh6EXM7DkHGN14WISx9NYaDj7RPzAucnfKQ=
github.com/galaco/Lambda-Core v0.0.0-20190112183752-df4119e4444a/go.mod h1:/tLp69JLf3aNHtV76RQFwv8/oXtLk1m1+p0SahUVHqQ=
github.com/galaco/Lambda-Core v0.1.0 h1:2hxgggvQUbF5HoFUAbDaoXey1By9DFZ3z7RiPaw7LQA=
github.com/galaco/Lambda-Core v0.1.0/go.mod h1:/tLp69JLf3aNHtV76RQFwv8/oXtLk1m1+p0SahUVHqQ=
github.com/galaco/Lambda-Core v0.2.1/go.mod h1:/tLp69JLf3aNHtV76RQFwv8/oXtLk1m1+p0SahUVHqQ=
github.com/galaco/Lambda-Core v0.3.0 h1:R25/wbft6P4Rwa35KWKJ5d1mwLlfh1kjX4phZNdmkUQ=
github.com/galaco/Lambda-Core v0.3.0/go.mod h1:H+ir5q61am4L0as5Uh5YZrqQU1LkLhS0laJGbL2TbT8=
github.com/galaco/Lambda-Core v0.3.1 h1:IZTgVGGRZE67uLG71V/YbVq338s/W1ynrJCIRBMtFlQ=
github.com/galaco/Lambda-Core v0.3.1/go.mod h1:H+ir5q61am4L0as5Uh5YZrqQU1LkLhS0laJGbL2TbT8=
github.com/galaco/Lambda-Core v0.3.2 h1:muxzo8xjalaFRLWTYkMHQ5tjn0VtXNRyiBfBPWbQzD0=
github.com/galaco/Lambda-Core v0.3.2/go.mod h1:WyCCBsbgPEhnaRhnDqs99tMQnFh5eANzpiPjEMU7egM=
github.com/galaco/Lambda-Core v0.3.3 h1:OhKUnje5e3wI1yTYpw/te93JUZMMcpbQJ9d6mHGGekQ=
github.com/galaco/Lambda-Core v0.3.3/go.mod h1:8YbPQyWiqxJTeNGcrbakUnI0WxGlQG+S2e80FlKPbzw=
github.com/galaco/Lambda-Core v0.3.4/go.mod h1:DtGriKyDm42UANK/+o9eH1H194mZXpKWRWxTEkJpjiM=
github.com/galaco/Lambda-Core v0.4.0 h1:+gWv01jWBIfl2JPcG76o5LJQmb0YXBCKzZEcdyp7COs=
github.com/galaco/Lambda-Core v0.4.0/go.mod h1:greEV9Pt6Z3DZcr8mB9Kta2l9vMKvlAhBNVYTVbO1J0=
github.com/galaco/Lambda-Core v0.5.0 h1:bX6tA0bf0mdRsAI3OaKDJPqRSBr+8tHuHQjjikWm2qY=
github.com/galaco/Lambda-Core v0.5.0/go.mod h1:greEV9Pt6Z3DZcr8mB9Kta2l9vMKvlAhBNVYTVbO1J0=
github.com/galaco/StudioModel v0.0.0-20181028212841-5b8408bcc2af h1:WvaI49oII83yG2LCseuOuIIbo/f5k5iCDvFwe8W5HPI=
github.com/galaco/StudioModel v0.0.0-20181028212841-5b8408bcc2af/go.mod h1:TyLwCRckWSsaQhePyfTOwfSXlEUJ411MwYaVkbPwOMo=
github.com/galaco/StudioModel v0.1.0 h1:TLDYjlx3C1yNfDjV2XI5NW+UayIQexfNBQfF1JJsNTI=
github.com/galaco/StudioModel v0.1.0/go.mod h1:kMK3O6si6tHlxuxYvUAOuPsINUq00i+N5FqusJqaEvs=
github.com/galaco/bsp v0.1.2 h1:CFejzoNYfHpWuXNFj+iYAhSS1BovWmDfqa9rVjYGNCg=
github.com/galaco/bsp v0.1.2/go.mod h1:RcrH7F/FezUOMXKWuYyWYwrHdamdvFxZqD2lg8LFcnc=
github.com/galaco/bsp v0.2.0 h1:tZOM54U1WYvhrce7jNWH4Ys8qigfTvkmgcRRojkrbn8=
github.com/galaco/bsp v0.2.0/go.mod h1:vVqNXegfrOnlhmdNeWuJXhT8GUOFxBUkKIj7EYSzzhM=
github.com/galaco/bsp v0.2.1 h1:wejBNZoIM8kJvCPxlP8zAOUBk0e8dDFxOna9MFl4UmQ=
github.com/galaco/bsp v0.2.1/go.mod h1:vVqNXegfrOnlhmdNeWuJXhT8GUOFxBUkKIj7EYSzzhM=
github.com/galaco/gosigl v0.0.0-20181228204141-a4f1befcc399 h1:ZOSnaTmoxPbJRB3F74zvyCjhLrNXLkqaHizepSDz/rw=
github.com/galaco/gosigl v0.0.0-20181228204141-a4f1befcc399/go.mod h1:bo6fzFnd9DxiwROJFDQ19WrqtSbzRJbJcOTv6lO7lAk=
github.com/galaco/gosigl v0.0.0-20190217215004-633335646da6/go.mod h1:bo6fzFnd9DxiwROJFDQ19WrqtSbzRJbJcOTv6lO7lAk=
github.com/galaco/gosigl v0.0.0-20190218114618-7d72bfe172dc h1:d/3i9m9jtsHfORpsrL5ccBg7VVoBv5zdApMtgTB+9zw=
github.com/galaco/gosigl v0.0.0-20190218114618-7d72bfe172dc/go.mod h1:bo6fzFnd9DxiwROJFDQ19WrqtSbzRJbJcOTv6lO7lAk=
github.com/galaco/packrect v0.0.0-20190106134957-d6cd1e9d06f9 h1:olmG0U3mzsfWrBkGjllQraRq8iuFaoqDoAJjXNoai2E=
github.com/galaco/packrect v0.0.0-20190106134957-d6cd1e9d06f9/go.mod h1:1QOQWDBGRc6sT0tglK344YodNuAGsj6WPqZXzzpv6f4=
github.com/galaco/packrect v0.0.0-20190112190119-9e2d67f8fa37 h1:9lAWZWuLo8dMG907qrgciO+hgR826eA6foqvHboEpUw=
github.com/galaco/packrect v0.0.0-20190112190119-9e2d67f8fa37/go.mod h1:1QOQWDBGRc6sT0tglK344YodNuAGsj6WPqZXzzpv6f4=
github.com/galaco/packrect v0.0.0-20190221114019-d10c60f871c0/go.mod h1:1QOQWDBGRc6sT0tglK344YodNuAGsj6WPqZXzzpv6f4=
github.com/galaco/source-tools-common v0.0.0-20181114203108-b70b8e75c546/go.mod h1:vcKoSJ6VLGuLDPp2ptTTb1J7D51w5+t02EqlNtwMDLI=
github.com/galaco/source-tools-common v0.0.0-20190112121435-c9332f4bd668 h1:+L3TJlYxqMm1TufOMHER4da/DtlGKi7ga6rJ3myoXpw=
github.com/galaco/source-tools-common v0.0.0-20190112121435-c9332f4bd668/go.mod h1:HjX6NiGjstPxbI0IYVqxmWtnguuJoj5Zp2bmzt4inb8=
github.com/galaco/source-tools-common v0.1.0 h1:NHhsoSKL42dfFKnfRI2D/3um0tbNLVP2ZAWNoEGPMNM=
github.com/galaco/source-tools-common v0.1.0/go.mod h1:+TApRVomBN759va2qrv5GaLuCaK2AWxR0tn9oc2U73Q=
github.com/galaco/vmf v0.0.0-20180309175744-7a9ccb6e8abb h1:15XPqvxG/llf53op1m6Dy4CDiZ+DUvnqc1IEqHdxxN4=
github.com/galaco/vmf v0.0.0-20180309175744-7a9ccb6e8abb/go.mod h1:+hpnZQBHJ5xrERgGMr6f/KO0ZkxEkrvjqr3RI9aNHes=
github.com/galaco/vmf v1.0.0 h1:7HiZS3TzgaBzbArBtN7BLdLW2ycc2t5MuK+9YaCDkns=
github.com/galaco/vmf v1.0.0/go.mod h1:+hpnZQBHJ5xrERgGMr6f/KO0ZkxEkrvjqr3RI9aNHes=
github.com/galaco/vpk2 v0.0.0-20181012095330-21e4d1f6c888 h1:QCMt6AZ5gwsJ3SNsvTULg/xjZIfmcbRWv6BBnkYNOWI=
github.com/galaco/vpk2 v0.0.0-20181012095330-21e4d1f6c888/go.mod h1:jL22XAWuUlYUmONuamxDdbDlGJhuOFkqNRPJwuBA3X8=
github.com/galaco/vtf v1.0.0 h1:aAisl6NBBzBqCzZd9fsgiQLcTHSNbR3DG3BP5toUeSc=
github.com/galaco/vtf v1.0.0/go.mod h1:/qXLzN9Et3Ed61RUR4rYXO/eMMFgvEyc4opw/Nw6xkM=
github.com/galaco/vtf v1.0.1 h1:hAox96xMdZhStSSCjiokPTjzM9fYIIteuQz/HZNs8rA=
github.com/galaco/vtf v1.0.1/go.mod h1:/qXLzN9Et3Ed61RUR4rYXO/eMMFgvEyc4opw/Nw6xkM=
github.com/go-gl/gl v0.0.0-20181026044259-55b76b7df9d2 h1:78Hza2KHn2PX1jdydQnffaU2A/xM0g3Nx1xmMdep9Gk=
github.com/go-gl/gl v0.0.0-20181026044259-55b76b7df9d2/go.mod h1:482civXOzJJCPzJ4ZOX/pwvXBWSnzD4OKMdH4ClKGbk=
github.com/go-gl/gl v0.0.0-20190320195200-bf2b1f2f34d7 h1:U8grfP4BCOZqk+pl4WuTUbPTDlO+BGKinUQiigX+OWg=
github.com/go-gl/gl v0.0.0-20190320195200-bf2b1f2f34d7/go.mod h1:482civXOzJJCPzJ4ZOX/pwvXBWSnzD4OKMdH4ClKGbk=
github.com/go-gl/glfw v0.0.0-20181213070059-819e8ce5125f h1:7MsFMbSn8Lcw0blK4+NEOf8DuHoOBDhJsHz04yh13pM=
github.com/go-gl/glfw v0.0.0-20181213070059-819e8ce5125f/go.mod h1:vR7hzQXu2zJy9AVAgeJqvqgH9Q5CA+iKCZ2gyEVpxRU=
github.com/go-gl/glfw v0.0.0-20190217215024-93b30450e032/go.mod h1:vR7hzQXu2zJy9AVAgeJqvqgH9Q5CA+iKCZ2gyEVpxRU=
github.com/go-gl/glfw v0.0.0-20190217223436-93b30450e032 h1:3TAKECYtS/rUiI22TVSA7BhduJC56FhfCR2byc7caxQ=
github.com/go-gl/glfw v0.0.0-20190217223436-93b30450e032/go.mod h1:vR7hzQXu2zJy9AVAgeJqvqgH9Q5CA+iKCZ2gyEVpxRU=
github.com/go-gl/mathgl v0.0.0-20180804195959-cdf14b6b8f8a h1:2n5w2v3knlspzjJWyQPC0j88Mwvq0SZV0Jdws34GJwc=
github.com/go-gl/mathgl v0.0.0-20180804195959-cdf14b6b8f8a/go.mod h1:dvrdneKbyWbK2skTda0nM4B9zSlS2GZSnjX7itr/skQ=
github.com/logrusorgru/aurora v0.0.0-20181002194514-a7b3b318ed4e h1:9MlwzLdW7QSDrhDjFlsEYmxpFyIoXmYRon3dt0io31k=
github.com/logrusorgru/aurora v0.0.0-20181002194514-a7b3b318ed4e/go.mod h1:7rIyQOR62GCctdiQpZ/zOJlFyk6y+94wXzv6RNZgaR4=
golang.org/x/image v0.0.0-20181206121112-cd38e8056d9b h1:9WPnadh+EKSlC7bAQtFhmNxmx/rQOj35pa7nFj6b/Dw=
golang.org/x/image v0.0.0-20181206121112-cd38e8056d9b/go.mod h1:ux5Hcp/YLpHSI86hEcLt0YII63i6oz57MZXIpbrjZUs=
golang.org/x/image v0.0.0-20190209060608-ef4a1470e0dc h1:P8UBp9iv2ZY5xjf9rnwI9s/hywlCgyKzpLsfk30IVyw=
golang.org/x/image v0.0.0-20190209060608-ef4a1470e0dc/go.mod h1:ux5Hcp/YLpHSI86hEcLt0YII63i6oz57MZXIpbrjZUs=
golang.org/x/image v0.0.0-20190220224229-31aff87c08e9 h1:NR6w0q42xLWn1hkq7aXoJfHkxB+5DwodOYc1MEagNjk=
golang.org/x/image v0.0.0-20190220224229-31aff87c08e9/go.mod h1:kZ7UVZpmo3dzQBMxlp+ypCbDeSB+sBbTgSJuh5dn5js=
golang.org/x/image v0.0.0-20190321074427-3fc05d484e9f h1:z/o0u5qyWy3JuPnwyx0pAuT5AZs4UHHkb6IgeEJ6oR0=
golang.org/x/image v0.0.0-20190321074427-3fc05d484e9f/go.mod h1:kZ7UVZpmo3dzQBMxlp+ypCbDeSB+sBbTgSJuh5dn5js=
golang.org/x/text v0.3.0/go.mod h1:NqM8EUOU14njkJ3fqMW+pc6Ldnwhi/IjpwHt7yyuwOQ=
